
Microsoft Visual Studio Solution File, Format Version 11.00
# Visual Studio 2010
Project("{FAE04EC0-301F-11D3-BF4B-00C04F79EFBC}") = "Task-3_InputAAndB", "Task-3_InputAAndB\Task-3_InputAAndB.csproj", "{8A47A32E-C83C-46C1-92E1-E323A1DEF827}"
EndProject
Global
	GlobalSection(SolutionConfigurationPlatforms) = preSolution
		Debug|x86 = Debug|x86
		Release|x86 = Release|x86
	EndGlobalSection
	GlobalSection(ProjectConfigurationPlatforms) = postSolution
		{8A47A32E-C83C-46C1-92E1-E323A1DEF827}.Debug|x86.ActiveCfg = Debug|x86
		{8A47A32E-C83C-46C1-92E1-E323A1DEF827}.Debug|x86.Build.0 = Debug|x86
		{8A47A32E-C83C-46C1-92E1-E323A1DEF827}.Release|x86.ActiveCfg = Release|x86
		{8A47A32E-C83C-46C1-92E1-E323A1DEF827}.Release|x86.Build.0 = Release|x86
	EndGlobalSection
	GlobalSection(SolutionProperties) = preSolution
		HideSolutionNode = FALSE
	EndGlobalSection
EndGlobal
